// !$*UTF8*$!
{
	archiveVersion = 1;
	classes = {
	};
	objectVersion = 51;
	objects = {

/* Begin PBXBuildFile section */
		0704BF222268EF03005F6394 /* Message.swift in Sources */ = {isa = PBXBuildFile; fileRef = 0704BF212268EF03005F6394 /* Message.swift */; };
		07131722224554F3000CDD33 /* MatchMessageViewController.swift in Sources */ = {isa = PBXBuildFile; fileRef = 07131721224554F3000CDD33 /* MatchMessageViewController.swift */; };
		076FB9F5226FF19200E0A204 /* Channel.swift in Sources */ = {isa = PBXBuildFile; fileRef = 076FB9F4226FF19200E0A204 /* Channel.swift */; };
		0788127E225EEC4E00DCA246 /* MessageTableViewCell.swift in Sources */ = {isa = PBXBuildFile; fileRef = 0788127D225EEC4E00DCA246 /* MessageTableViewCell.swift */; };
		07AB86A0224921D9001EE449 /* MessageListViewController.swift in Sources */ = {isa = PBXBuildFile; fileRef = 07AB869F224921D9001EE449 /* MessageListViewController.swift */; };
		07AB86A2224994BD001EE449 /* MessageInstanceViewController.swift in Sources */ = {isa = PBXBuildFile; fileRef = 07AB86A1224994BD001EE449 /* MessageInstanceViewController.swift */; };
		07B43E6622348C0900BB8548 /* EmailConfirmationViewController.swift in Sources */ = {isa = PBXBuildFile; fileRef = 07B43E6522348C0900BB8548 /* EmailConfirmationViewController.swift */; };
		07B43E6822348C4000BB8548 /* SocialMediaConnectViewController.swift in Sources */ = {isa = PBXBuildFile; fileRef = 07B43E6722348C4000BB8548 /* SocialMediaConnectViewController.swift */; };
		07B43E6A22348C7600BB8548 /* ProfileCreationViewController.swift in Sources */ = {isa = PBXBuildFile; fileRef = 07B43E6922348C7600BB8548 /* ProfileCreationViewController.swift */; };
		07B43E6C22348C9900BB8548 /* ProfileLocationViewController.swift in Sources */ = {isa = PBXBuildFile; fileRef = 07B43E6B22348C9900BB8548 /* ProfileLocationViewController.swift */; };
		07B43E6E22348CCC00BB8548 /* ProfileMapViewController.swift in Sources */ = {isa = PBXBuildFile; fileRef = 07B43E6D22348CCC00BB8548 /* ProfileMapViewController.swift */; };
		07B43E7022348D0900BB8548 /* CardsViewController.swift in Sources */ = {isa = PBXBuildFile; fileRef = 07B43E6F22348D0900BB8548 /* CardsViewController.swift */; };
		484D1178B6C8C9141158E82C /* Pods_Lamp.framework in Frameworks */ = {isa = PBXBuildFile; fileRef = EADB058DDDBB271D44C9F82B /* Pods_Lamp.framework */; };
		571B426B224AC8EF00F9F42B /* Profile.swift in Sources */ = {isa = PBXBuildFile; fileRef = 571B426A224AC8EF00F9F42B /* Profile.swift */; };
		57CEE9522267D90D004551AD /* ProfileEditMapViewController.swift in Sources */ = {isa = PBXBuildFile; fileRef = 57CEE9512267D90D004551AD /* ProfileEditMapViewController.swift */; };
		95412745224B0254003343D4 /* SettingsViewController.swift in Sources */ = {isa = PBXBuildFile; fileRef = 95412744224B0253003343D4 /* SettingsViewController.swift */; };
		95412749224B12C9003343D4 /* AccountViewController.swift in Sources */ = {isa = PBXBuildFile; fileRef = 95412748224B12C9003343D4 /* AccountViewController.swift */; };
		955450802257FC94003C4448 /* MyKolodaViewController.swift in Sources */ = {isa = PBXBuildFile; fileRef = 9554507F2257FC94003C4448 /* MyKolodaViewController.swift */; };
		95619D8B225EE0DC0009D1E2 /* Main.storyboard in Resources */ = {isa = PBXBuildFile; fileRef = 95619D8A225EE0DC0009D1E2 /* Main.storyboard */; };
		95E4E7DD225D6EEB00A45EC4 /* CardView.swift in Sources */ = {isa = PBXBuildFile; fileRef = 95E4E7DC225D6EEB00A45EC4 /* CardView.swift */; };
		95E4E7DF225D6EF900A45EC4 /* CardView.xib in Resources */ = {isa = PBXBuildFile; fileRef = 95E4E7DE225D6EF900A45EC4 /* CardView.xib */; };
		95E4E7E1225D799D00A45EC4 /* XibCreatable.swift in Sources */ = {isa = PBXBuildFile; fileRef = 95E4E7E0225D799D00A45EC4 /* XibCreatable.swift */; };
		B6165F46227042BC00DFF8D2 /* ProfileTableViewController.swift in Sources */ = {isa = PBXBuildFile; fileRef = B6165F45227042BC00DFF8D2 /* ProfileTableViewController.swift */; };
		B6165F4A227042ED00DFF8D2 /* EditProfileTableViewController.swift in Sources */ = {isa = PBXBuildFile; fileRef = B6165F49227042ED00DFF8D2 /* EditProfileTableViewController.swift */; };
		B61FE834225C6637002BDDD7 /* DiscoveryTableViewController.swift in Sources */ = {isa = PBXBuildFile; fileRef = B61FE833225C6637002BDDD7 /* DiscoveryTableViewController.swift */; };
		B61FE836225C6DC4002BDDD7 /* GenderFilterViewController.swift in Sources */ = {isa = PBXBuildFile; fileRef = B61FE835225C6DC4002BDDD7 /* GenderFilterViewController.swift */; };
		B61FE838225C6DF2002BDDD7 /* FutureLocationFilterViewController.swift in Sources */ = {isa = PBXBuildFile; fileRef = B61FE837225C6DF2002BDDD7 /* FutureLocationFilterViewController.swift */; };
		B62C34E82255588B00C5348F /* ChangePasswordViewController.swift in Sources */ = {isa = PBXBuildFile; fileRef = B62C34E72255588B00C5348F /* ChangePasswordViewController.swift */; };
		B645153F22757FA500F58C96 /* UserProfileTableViewController.swift in Sources */ = {isa = PBXBuildFile; fileRef = B645153E22757FA500F58C96 /* UserProfileTableViewController.swift */; };
		B65D1CFC2232409B009F84A3 /* GoogleService-Info.plist in Resources */ = {isa = PBXBuildFile; fileRef = B65D1CFB2232409B009F84A3 /* GoogleService-Info.plist */; };
		B6B897152233037300164801 /* SignUpViewController.swift in Sources */ = {isa = PBXBuildFile; fileRef = B6B897142233037300164801 /* SignUpViewController.swift */; };
		B6B89717223303E100164801 /* LogInViewController.swift in Sources */ = {isa = PBXBuildFile; fileRef = B6B89716223303E100164801 /* LogInViewController.swift */; };
		B6B8971B22331FCA00164801 /* AppDelegate.swift in Sources */ = {isa = PBXBuildFile; fileRef = B6B8971A22331FCA00164801 /* AppDelegate.swift */; };
		B6C58FC5225D368A00BA2B94 /* UniversitiesFilterViewController.swift in Sources */ = {isa = PBXBuildFile; fileRef = B6C58FC4225D368A00BA2B94 /* UniversitiesFilterViewController.swift */; };
		B6DFE9CA2257C92D0086BCE6 /* Settings.swift in Sources */ = {isa = PBXBuildFile; fileRef = B6DFE9C92257C92D0086BCE6 /* Settings.swift */; };
		B6DFE9CC225884150086BCE6 /* NotificationsTableViewController.swift in Sources */ = {isa = PBXBuildFile; fileRef = B6DFE9CB225884150086BCE6 /* NotificationsTableViewController.swift */; };
		B6F5005E22307A3600FD1433 /* Assets.xcassets in Resources */ = {isa = PBXBuildFile; fileRef = B6F5005D22307A3600FD1433 /* Assets.xcassets */; };
		B6F5006122307A3600FD1433 /* LaunchScreen.storyboard in Resources */ = {isa = PBXBuildFile; fileRef = B6F5005F22307A3600FD1433 /* LaunchScreen.storyboard */; };
/* End PBXBuildFile section */

/* Begin PBXFileReference section */
		0704BF212268EF03005F6394 /* Message.swift */ = {isa = PBXFileReference; lastKnownFileType = sourcecode.swift; path = Message.swift; sourceTree = "<group>"; };
		07131721224554F3000CDD33 /* MatchMessageViewController.swift */ = {isa = PBXFileReference; lastKnownFileType = sourcecode.swift; path = MatchMessageViewController.swift; sourceTree = "<group>"; };
		076FB9F4226FF19200E0A204 /* Channel.swift */ = {isa = PBXFileReference; lastKnownFileType = sourcecode.swift; path = Channel.swift; sourceTree = "<group>"; };
		0788127D225EEC4E00DCA246 /* MessageTableViewCell.swift */ = {isa = PBXFileReference; lastKnownFileType = sourcecode.swift; path = MessageTableViewCell.swift; sourceTree = "<group>"; };
		07AB869F224921D9001EE449 /* MessageListViewController.swift */ = {isa = PBXFileReference; lastKnownFileType = sourcecode.swift; path = MessageListViewController.swift; sourceTree = "<group>"; };
		07AB86A1224994BD001EE449 /* MessageInstanceViewController.swift */ = {isa = PBXFileReference; lastKnownFileType = sourcecode.swift; path = MessageInstanceViewController.swift; sourceTree = "<group>"; };
		07B43E6522348C0900BB8548 /* EmailConfirmationViewController.swift */ = {isa = PBXFileReference; lastKnownFileType = sourcecode.swift; path = EmailConfirmationViewController.swift; sourceTree = "<group>"; };
		07B43E6722348C4000BB8548 /* SocialMediaConnectViewController.swift */ = {isa = PBXFileReference; lastKnownFileType = sourcecode.swift; path = SocialMediaConnectViewController.swift; sourceTree = "<group>"; };
		07B43E6922348C7600BB8548 /* ProfileCreationViewController.swift */ = {isa = PBXFileReference; lastKnownFileType = sourcecode.swift; path = ProfileCreationViewController.swift; sourceTree = "<group>"; };
		07B43E6B22348C9900BB8548 /* ProfileLocationViewController.swift */ = {isa = PBXFileReference; lastKnownFileType = sourcecode.swift; path = ProfileLocationViewController.swift; sourceTree = "<group>"; };
		07B43E6D22348CCC00BB8548 /* ProfileMapViewController.swift */ = {isa = PBXFileReference; lastKnownFileType = sourcecode.swift; path = ProfileMapViewController.swift; sourceTree = "<group>"; };
		07B43E6F22348D0900BB8548 /* CardsViewController.swift */ = {isa = PBXFileReference; lastKnownFileType = sourcecode.swift; path = CardsViewController.swift; sourceTree = "<group>"; };
		571B426A224AC8EF00F9F42B /* Profile.swift */ = {isa = PBXFileReference; lastKnownFileType = sourcecode.swift; path = Profile.swift; sourceTree = "<group>"; };
		57CEE9512267D90D004551AD /* ProfileEditMapViewController.swift */ = {isa = PBXFileReference; lastKnownFileType = sourcecode.swift; path = ProfileEditMapViewController.swift; sourceTree = "<group>"; };
		95412744224B0253003343D4 /* SettingsViewController.swift */ = {isa = PBXFileReference; fileEncoding = 4; lastKnownFileType = sourcecode.swift; path = SettingsViewController.swift; sourceTree = "<group>"; };
		95412748224B12C9003343D4 /* AccountViewController.swift */ = {isa = PBXFileReference; fileEncoding = 4; lastKnownFileType = sourcecode.swift; path = AccountViewController.swift; sourceTree = "<group>"; };
		9554507F2257FC94003C4448 /* MyKolodaViewController.swift */ = {isa = PBXFileReference; lastKnownFileType = sourcecode.swift; path = MyKolodaViewController.swift; sourceTree = "<group>"; };
		95619D8A225EE0DC0009D1E2 /* Main.storyboard */ = {isa = PBXFileReference; lastKnownFileType = file.storyboard; path = Main.storyboard; sourceTree = "<group>"; };
		95E4E7DC225D6EEB00A45EC4 /* CardView.swift */ = {isa = PBXFileReference; lastKnownFileType = sourcecode.swift; path = CardView.swift; sourceTree = "<group>"; };
		95E4E7DE225D6EF900A45EC4 /* CardView.xib */ = {isa = PBXFileReference; lastKnownFileType = file.xib; path = CardView.xib; sourceTree = "<group>"; };
		95E4E7E0225D799D00A45EC4 /* XibCreatable.swift */ = {isa = PBXFileReference; lastKnownFileType = sourcecode.swift; name = XibCreatable.swift; path = Lamp/Views/XibCreatable.swift; sourceTree = SOURCE_ROOT; };
		B6165F45227042BC00DFF8D2 /* ProfileTableViewController.swift */ = {isa = PBXFileReference; lastKnownFileType = sourcecode.swift; path = ProfileTableViewController.swift; sourceTree = "<group>"; };
		B6165F49227042ED00DFF8D2 /* EditProfileTableViewController.swift */ = {isa = PBXFileReference; lastKnownFileType = sourcecode.swift; path = EditProfileTableViewController.swift; sourceTree = "<group>"; };
		B61FE833225C6637002BDDD7 /* DiscoveryTableViewController.swift */ = {isa = PBXFileReference; lastKnownFileType = sourcecode.swift; path = DiscoveryTableViewController.swift; sourceTree = "<group>"; };
		B61FE835225C6DC4002BDDD7 /* GenderFilterViewController.swift */ = {isa = PBXFileReference; lastKnownFileType = sourcecode.swift; path = GenderFilterViewController.swift; sourceTree = "<group>"; };
		B61FE837225C6DF2002BDDD7 /* FutureLocationFilterViewController.swift */ = {isa = PBXFileReference; lastKnownFileType = sourcecode.swift; path = FutureLocationFilterViewController.swift; sourceTree = "<group>"; };
		B62C34E72255588B00C5348F /* ChangePasswordViewController.swift */ = {isa = PBXFileReference; lastKnownFileType = sourcecode.swift; path = ChangePasswordViewController.swift; sourceTree = "<group>"; };
		B645153E22757FA500F58C96 /* UserProfileTableViewController.swift */ = {isa = PBXFileReference; lastKnownFileType = sourcecode.swift; path = UserProfileTableViewController.swift; sourceTree = "<group>"; };
		B65D1CFB2232409B009F84A3 /* GoogleService-Info.plist */ = {isa = PBXFileReference; fileEncoding = 4; lastKnownFileType = text.plist.xml; path = "GoogleService-Info.plist"; sourceTree = "<group>"; };
		B6B897142233037300164801 /* SignUpViewController.swift */ = {isa = PBXFileReference; lastKnownFileType = sourcecode.swift; path = SignUpViewController.swift; sourceTree = "<group>"; };
		B6B89716223303E100164801 /* LogInViewController.swift */ = {isa = PBXFileReference; lastKnownFileType = sourcecode.swift; path = LogInViewController.swift; sourceTree = "<group>"; };
		B6B897182233095300164801 /* Lamp.entitlements */ = {isa = PBXFileReference; lastKnownFileType = text.plist.entitlements; path = Lamp.entitlements; sourceTree = "<group>"; };
		B6B8971A22331FCA00164801 /* AppDelegate.swift */ = {isa = PBXFileReference; fileEncoding = 4; lastKnownFileType = sourcecode.swift; path = AppDelegate.swift; sourceTree = "<group>"; };
		B6C58FC4225D368A00BA2B94 /* UniversitiesFilterViewController.swift */ = {isa = PBXFileReference; lastKnownFileType = sourcecode.swift; path = UniversitiesFilterViewController.swift; sourceTree = "<group>"; };
		B6DFE9C92257C92D0086BCE6 /* Settings.swift */ = {isa = PBXFileReference; lastKnownFileType = sourcecode.swift; path = Settings.swift; sourceTree = "<group>"; };
		B6DFE9CB225884150086BCE6 /* NotificationsTableViewController.swift */ = {isa = PBXFileReference; lastKnownFileType = sourcecode.swift; path = NotificationsTableViewController.swift; sourceTree = "<group>"; };
		B6F5005322307A3500FD1433 /* Lamp.app */ = {isa = PBXFileReference; explicitFileType = wrapper.application; includeInIndex = 0; path = Lamp.app; sourceTree = BUILT_PRODUCTS_DIR; };
		B6F5005D22307A3600FD1433 /* Assets.xcassets */ = {isa = PBXFileReference; lastKnownFileType = folder.assetcatalog; path = Assets.xcassets; sourceTree = "<group>"; };
		B6F5006022307A3600FD1433 /* Base */ = {isa = PBXFileReference; lastKnownFileType = file.storyboard; name = Base; path = Base.lproj/LaunchScreen.storyboard; sourceTree = "<group>"; };
		B6F5006222307A3600FD1433 /* Info.plist */ = {isa = PBXFileReference; lastKnownFileType = text.plist.xml; path = Info.plist; sourceTree = "<group>"; };
		CC28D6B2E29B51B15F48F78C /* Pods-Lamp.debug.xcconfig */ = {isa = PBXFileReference; includeInIndex = 1; lastKnownFileType = text.xcconfig; name = "Pods-Lamp.debug.xcconfig"; path = "Target Support Files/Pods-Lamp/Pods-Lamp.debug.xcconfig"; sourceTree = "<group>"; };
		D6692CB92E970FF7A14AFFAD /* Pods-Lamp.release.xcconfig */ = {isa = PBXFileReference; includeInIndex = 1; lastKnownFileType = text.xcconfig; name = "Pods-Lamp.release.xcconfig"; path = "Target Support Files/Pods-Lamp/Pods-Lamp.release.xcconfig"; sourceTree = "<group>"; };
		EADB058DDDBB271D44C9F82B /* Pods_Lamp.framework */ = {isa = PBXFileReference; explicitFileType = wrapper.framework; includeInIndex = 0; path = Pods_Lamp.framework; sourceTree = BUILT_PRODUCTS_DIR; };
/* End PBXFileReference section */

/* Begin PBXFrameworksBuildPhase section */
		B6F5005022307A3500FD1433 /* Frameworks */ = {
			isa = PBXFrameworksBuildPhase;
			buildActionMask = 2147483647;
			files = (
				484D1178B6C8C9141158E82C /* Pods_Lamp.framework in Frameworks */,
			);
			runOnlyForDeploymentPostprocessing = 0;
		};
/* End PBXFrameworksBuildPhase section */

/* Begin PBXGroup section */
		07F98075227695C100FB5AAD /* Messaging */ = {
			isa = PBXGroup;
			children = (
				07AB869F224921D9001EE449 /* MessageListViewController.swift */,
				07AB86A1224994BD001EE449 /* MessageInstanceViewController.swift */,
			);
			path = Messaging;
			sourceTree = "<group>";
		};
		746D53F767B4961D1D89C5E8 /* Pods */ = {
			isa = PBXGroup;
			children = (
				CC28D6B2E29B51B15F48F78C /* Pods-Lamp.debug.xcconfig */,
				D6692CB92E970FF7A14AFFAD /* Pods-Lamp.release.xcconfig */,
			);
			path = Pods;
			sourceTree = "<group>";
		};
		95132ABD224B442D006C1A84 /* Views */ = {
			isa = PBXGroup;
			children = (
				95E4E7DB225D6ECD00A45EC4 /* CardView */,
				95132ABE224B4436006C1A84 /* Table View Cells */,
			);
			path = Views;
			sourceTree = "<group>";
		};
		95132ABE224B4436006C1A84 /* Table View Cells */ = {
			isa = PBXGroup;
			children = (
				0788127D225EEC4E00DCA246 /* MessageTableViewCell.swift */,
			);
			path = "Table View Cells";
			sourceTree = "<group>";
		};
		95E4E7DB225D6ECD00A45EC4 /* CardView */ = {
			isa = PBXGroup;
			children = (
				95E4E7DC225D6EEB00A45EC4 /* CardView.swift */,
				95E4E7DE225D6EF900A45EC4 /* CardView.xib */,
				95E4E7E0225D799D00A45EC4 /* XibCreatable.swift */,
			);
			path = CardView;
			sourceTree = "<group>";
		};
		B6165F442270428F00DFF8D2 /* Profile */ = {
			isa = PBXGroup;
			children = (
				B6165F45227042BC00DFF8D2 /* ProfileTableViewController.swift */,
				B6165F49227042ED00DFF8D2 /* EditProfileTableViewController.swift */,
				57CEE9512267D90D004551AD /* ProfileEditMapViewController.swift */,
			);
			path = Profile;
			sourceTree = "<group>";
		};
		B62C34E9225558A000C5348F /* Settings */ = {
			isa = PBXGroup;
			children = (
				95412744224B0253003343D4 /* SettingsViewController.swift */,
				95412748224B12C9003343D4 /* AccountViewController.swift */,
				B62C34E72255588B00C5348F /* ChangePasswordViewController.swift */,
				B6DFE9CB225884150086BCE6 /* NotificationsTableViewController.swift */,
				B61FE833225C6637002BDDD7 /* DiscoveryTableViewController.swift */,
				B61FE835225C6DC4002BDDD7 /* GenderFilterViewController.swift */,
				B61FE837225C6DF2002BDDD7 /* FutureLocationFilterViewController.swift */,
				B6C58FC4225D368A00BA2B94 /* UniversitiesFilterViewController.swift */,
			);
			path = Settings;
			sourceTree = "<group>";
		};
		B6451541227769C500F58C96 /* Swipe */ = {
			isa = PBXGroup;
			children = (
				9554507F2257FC94003C4448 /* MyKolodaViewController.swift */,
				07B43E6F22348D0900BB8548 /* CardsViewController.swift */,
				B645153E22757FA500F58C96 /* UserProfileTableViewController.swift */,
			);
			path = Swipe;
			sourceTree = "<group>";
		};
		B6B897102233021D00164801 /* Controllers */ = {
			isa = PBXGroup;
			children = (
				07F98075227695C100FB5AAD /* Messaging */,
				B6E77A322272416C00AA7756 /* Onboarding */,
				B6165F442270428F00DFF8D2 /* Profile */,
				B62C34E9225558A000C5348F /* Settings */,
				B6451541227769C500F58C96 /* Swipe */,
				07AB869F224921D9001EE449 /* MessageListViewController.swift */,
				07131721224554F3000CDD33 /* MatchMessageViewController.swift */,
				07AB86A1224994BD001EE449 /* MessageInstanceViewController.swift */,
			);
			path = Controllers;
			sourceTree = "<group>";
		};
		B6B897112233022700164801 /* Models */ = {
			isa = PBXGroup;
			children = (
				571B426A224AC8EF00F9F42B /* Profile.swift */,
				B6DFE9C92257C92D0086BCE6 /* Settings.swift */,
				076FB9F4226FF19200E0A204 /* Channel.swift */,
				0704BF212268EF03005F6394 /* Message.swift */,
			);
			path = Models;
			sourceTree = "<group>";
		};
		B6E77A322272416C00AA7756 /* Onboarding */ = {
			isa = PBXGroup;
			children = (
				B6B897142233037300164801 /* SignUpViewController.swift */,
				B6B89716223303E100164801 /* LogInViewController.swift */,
				07B43E6922348C7600BB8548 /* ProfileCreationViewController.swift */,
				07B43E6B22348C9900BB8548 /* ProfileLocationViewController.swift */,
				07B43E6D22348CCC00BB8548 /* ProfileMapViewController.swift */,
				07B43E6522348C0900BB8548 /* EmailConfirmationViewController.swift */,
				07B43E6722348C4000BB8548 /* SocialMediaConnectViewController.swift */,
			);
			path = Onboarding;
			sourceTree = "<group>";
		};
		B6F5004A22307A3500FD1433 = {
			isa = PBXGroup;
			children = (
				B6F5005522307A3500FD1433 /* Lamp */,
				B6F5005422307A3500FD1433 /* Products */,
				746D53F767B4961D1D89C5E8 /* Pods */,
				FBF310C20D28FDAC3FFC065E /* Frameworks */,
			);
			sourceTree = "<group>";
		};
		B6F5005422307A3500FD1433 /* Products */ = {
			isa = PBXGroup;
			children = (
				B6F5005322307A3500FD1433 /* Lamp.app */,
			);
			name = Products;
			sourceTree = "<group>";
		};
		B6F5005522307A3500FD1433 /* Lamp */ = {
			isa = PBXGroup;
			children = (
				B6B8971A22331FCA00164801 /* AppDelegate.swift */,
				95132ABD224B442D006C1A84 /* Views */,
				B6B897112233022700164801 /* Models */,
				B6B897102233021D00164801 /* Controllers */,
				B6F5005D22307A3600FD1433 /* Assets.xcassets */,
				B6F5005F22307A3600FD1433 /* LaunchScreen.storyboard */,
				B6B897182233095300164801 /* Lamp.entitlements */,
				B6F5006222307A3600FD1433 /* Info.plist */,
				B65D1CFB2232409B009F84A3 /* GoogleService-Info.plist */,
				95619D8A225EE0DC0009D1E2 /* Main.storyboard */,
			);
			path = Lamp;
			sourceTree = "<group>";
		};
		FBF310C20D28FDAC3FFC065E /* Frameworks */ = {
			isa = PBXGroup;
			children = (
				EADB058DDDBB271D44C9F82B /* Pods_Lamp.framework */,
			);
			name = Frameworks;
			sourceTree = "<group>";
		};
/* End PBXGroup section */

/* Begin PBXNativeTarget section */
		B6F5005222307A3500FD1433 /* Lamp */ = {
			isa = PBXNativeTarget;
			buildConfigurationList = B6F5006522307A3600FD1433 /* Build configuration list for PBXNativeTarget "Lamp" */;
			buildPhases = (
				652B955146BD5FA3113C677E /* [CP] Check Pods Manifest.lock */,
				B6F5004F22307A3500FD1433 /* Sources */,
				B6F5005022307A3500FD1433 /* Frameworks */,
				B6F5005122307A3500FD1433 /* Resources */,
				4E8151465D10B9D2948B3932 /* [CP] Embed Pods Frameworks */,
			);
			buildRules = (
			);
			dependencies = (
			);
			name = Lamp;
			productName = Lamp;
			productReference = B6F5005322307A3500FD1433 /* Lamp.app */;
			productType = "com.apple.product-type.application";
		};
/* End PBXNativeTarget section */

/* Begin PBXProject section */
		B6F5004B22307A3500FD1433 /* Project object */ = {
			isa = PBXProject;
			attributes = {
				LastSwiftUpdateCheck = 1010;
				LastUpgradeCheck = 1010;
				ORGANIZATIONNAME = LaMMP;
				TargetAttributes = {
					B6F5005222307A3500FD1433 = {
						CreatedOnToolsVersion = 10.1;
						SystemCapabilities = {
							com.apple.Keychain = {
								enabled = 1;
							};
						};
					};
				};
			};
			buildConfigurationList = B6F5004E22307A3500FD1433 /* Build configuration list for PBXProject "Lamp" */;
			compatibilityVersion = "Xcode 9.3";
			developmentRegion = en;
			hasScannedForEncodings = 0;
			knownRegions = (
				en,
				Base,
			);
			mainGroup = B6F5004A22307A3500FD1433;
			productRefGroup = B6F5005422307A3500FD1433 /* Products */;
			projectDirPath = "";
			projectRoot = "";
			targets = (
				B6F5005222307A3500FD1433 /* Lamp */,
			);
		};
/* End PBXProject section */

/* Begin PBXResourcesBuildPhase section */
		B6F5005122307A3500FD1433 /* Resources */ = {
			isa = PBXResourcesBuildPhase;
			buildActionMask = 2147483647;
			files = (
				B6F5006122307A3600FD1433 /* LaunchScreen.storyboard in Resources */,
				B65D1CFC2232409B009F84A3 /* GoogleService-Info.plist in Resources */,
				95E4E7DF225D6EF900A45EC4 /* CardView.xib in Resources */,
				95619D8B225EE0DC0009D1E2 /* Main.storyboard in Resources */,
				B6F5005E22307A3600FD1433 /* Assets.xcassets in Resources */,
			);
			runOnlyForDeploymentPostprocessing = 0;
		};
/* End PBXResourcesBuildPhase section */

/* Begin PBXShellScriptBuildPhase section */
		4E8151465D10B9D2948B3932 /* [CP] Embed Pods Frameworks */ = {
			isa = PBXShellScriptBuildPhase;
			buildActionMask = 2147483647;
			files = (
			);
			inputFileListPaths = (
				"${PODS_ROOT}/Target Support Files/Pods-Lamp/Pods-Lamp-frameworks-${CONFIGURATION}-input-files.xcfilelist",
			);
			inputPaths = (
				"${PODS_ROOT}/Target Support Files/Pods-Lamp/Pods-Lamp-frameworks.sh",
				"${BUILT_PRODUCTS_DIR}/Bolts/Bolts.framework",
				"${BUILT_PRODUCTS_DIR}/BoringSSL-GRPC/openssl_grpc.framework",
				"${BUILT_PRODUCTS_DIR}/Eureka/Eureka.framework",
				"${BUILT_PRODUCTS_DIR}/FBSDKCoreKit/FBSDKCoreKit.framework",
				"${BUILT_PRODUCTS_DIR}/FBSDKLoginKit/FBSDKLoginKit.framework",
				"${BUILT_PRODUCTS_DIR}/GTMSessionFetcher/GTMSessionFetcher.framework",
				"${BUILT_PRODUCTS_DIR}/GoogleUtilities/GoogleUtilities.framework",
				"${BUILT_PRODUCTS_DIR}/Kingfisher/Kingfisher.framework",
				"${BUILT_PRODUCTS_DIR}/Koloda/Koloda.framework",
				"${BUILT_PRODUCTS_DIR}/MessageInputBar/MessageInputBar.framework",
				"${BUILT_PRODUCTS_DIR}/MessageKit/MessageKit.framework",
				"${BUILT_PRODUCTS_DIR}/Protobuf/Protobuf.framework",
				"${BUILT_PRODUCTS_DIR}/RangeUISlider/RangeUISlider.framework",
				"${BUILT_PRODUCTS_DIR}/gRPC-C++/grpcpp.framework",
				"${BUILT_PRODUCTS_DIR}/gRPC-Core/grpc.framework",
				"${BUILT_PRODUCTS_DIR}/leveldb-library/leveldb.framework",
				"${BUILT_PRODUCTS_DIR}/nanopb/nanopb.framework",
				"${BUILT_PRODUCTS_DIR}/pop/pop.framework",
			);
			name = "[CP] Embed Pods Frameworks";
			outputFileListPaths = (
				"${PODS_ROOT}/Target Support Files/Pods-Lamp/Pods-Lamp-frameworks-${CONFIGURATION}-output-files.xcfilelist",
			);
			outputPaths = (
				"${TARGET_BUILD_DIR}/${FRAMEWORKS_FOLDER_PATH}/Bolts.framework",
				"${TARGET_BUILD_DIR}/${FRAMEWORKS_FOLDER_PATH}/openssl_grpc.framework",
				"${TARGET_BUILD_DIR}/${FRAMEWORKS_FOLDER_PATH}/Eureka.framework",
				"${TARGET_BUILD_DIR}/${FRAMEWORKS_FOLDER_PATH}/FBSDKCoreKit.framework",
				"${TARGET_BUILD_DIR}/${FRAMEWORKS_FOLDER_PATH}/FBSDKLoginKit.framework",
				"${TARGET_BUILD_DIR}/${FRAMEWORKS_FOLDER_PATH}/GTMSessionFetcher.framework",
				"${TARGET_BUILD_DIR}/${FRAMEWORKS_FOLDER_PATH}/GoogleUtilities.framework",
				"${TARGET_BUILD_DIR}/${FRAMEWORKS_FOLDER_PATH}/Kingfisher.framework",
				"${TARGET_BUILD_DIR}/${FRAMEWORKS_FOLDER_PATH}/Koloda.framework",
				"${TARGET_BUILD_DIR}/${FRAMEWORKS_FOLDER_PATH}/MessageInputBar.framework",
				"${TARGET_BUILD_DIR}/${FRAMEWORKS_FOLDER_PATH}/MessageKit.framework",
				"${TARGET_BUILD_DIR}/${FRAMEWORKS_FOLDER_PATH}/Protobuf.framework",
				"${TARGET_BUILD_DIR}/${FRAMEWORKS_FOLDER_PATH}/RangeUISlider.framework",
				"${TARGET_BUILD_DIR}/${FRAMEWORKS_FOLDER_PATH}/grpcpp.framework",
				"${TARGET_BUILD_DIR}/${FRAMEWORKS_FOLDER_PATH}/grpc.framework",
				"${TARGET_BUILD_DIR}/${FRAMEWORKS_FOLDER_PATH}/leveldb.framework",
				"${TARGET_BUILD_DIR}/${FRAMEWORKS_FOLDER_PATH}/nanopb.framework",
				"${TARGET_BUILD_DIR}/${FRAMEWORKS_FOLDER_PATH}/pop.framework",
			);
			runOnlyForDeploymentPostprocessing = 0;
			shellPath = /bin/sh;
			shellScript = "\"${PODS_ROOT}/Target Support Files/Pods-Lamp/Pods-Lamp-frameworks.sh\"\n";
			showEnvVarsInLog = 0;
		};
		652B955146BD5FA3113C677E /* [CP] Check Pods Manifest.lock */ = {
			isa = PBXShellScriptBuildPhase;
			buildActionMask = 2147483647;
			files = (
			);
			inputFileListPaths = (
			);
			inputPaths = (
				"${PODS_PODFILE_DIR_PATH}/Podfile.lock",
				"${PODS_ROOT}/Manifest.lock",
			);
			name = "[CP] Check Pods Manifest.lock";
			outputFileListPaths = (
			);
			outputPaths = (
				"$(DERIVED_FILE_DIR)/Pods-Lamp-checkManifestLockResult.txt",
			);
			runOnlyForDeploymentPostprocessing = 0;
			shellPath = /bin/sh;
			shellScript = "diff \"${PODS_PODFILE_DIR_PATH}/Podfile.lock\" \"${PODS_ROOT}/Manifest.lock\" > /dev/null\nif [ $? != 0 ] ; then\n    # print error to STDERR\n    echo \"error: The sandbox is not in sync with the Podfile.lock. Run 'pod install' or update your CocoaPods installation.\" >&2\n    exit 1\nfi\n# This output is used by Xcode 'outputs' to avoid re-running this script phase.\necho \"SUCCESS\" > \"${SCRIPT_OUTPUT_FILE_0}\"\n";
			showEnvVarsInLog = 0;
		};
/* End PBXShellScriptBuildPhase section */

/* Begin PBXSourcesBuildPhase section */
		B6F5004F22307A3500FD1433 /* Sources */ = {
			isa = PBXSourcesBuildPhase;
			buildActionMask = 2147483647;
			files = (
				076FB9F5226FF19200E0A204 /* Channel.swift in Sources */,
				B6DFE9CC225884150086BCE6 /* NotificationsTableViewController.swift in Sources */,
				B6B8971B22331FCA00164801 /* AppDelegate.swift in Sources */,
				B62C34E82255588B00C5348F /* ChangePasswordViewController.swift in Sources */,
				B61FE838225C6DF2002BDDD7 /* FutureLocationFilterViewController.swift in Sources */,
				07AB86A0224921D9001EE449 /* MessageListViewController.swift in Sources */,
				B6B897152233037300164801 /* SignUpViewController.swift in Sources */,
				0704BF222268EF03005F6394 /* Message.swift in Sources */,
				571B426B224AC8EF00F9F42B /* Profile.swift in Sources */,
				07B43E6A22348C7600BB8548 /* ProfileCreationViewController.swift in Sources */,
				B61FE834225C6637002BDDD7 /* DiscoveryTableViewController.swift in Sources */,
				B6B89717223303E100164801 /* LogInViewController.swift in Sources */,
				95412745224B0254003343D4 /* SettingsViewController.swift in Sources */,
				B61FE836225C6DC4002BDDD7 /* GenderFilterViewController.swift in Sources */,
				95412749224B12C9003343D4 /* AccountViewController.swift in Sources */,
				95E4E7E1225D799D00A45EC4 /* XibCreatable.swift in Sources */,
				57CEE9522267D90D004551AD /* ProfileEditMapViewController.swift in Sources */,
				07B43E6E22348CCC00BB8548 /* ProfileMapViewController.swift in Sources */,
				B6C58FC5225D368A00BA2B94 /* UniversitiesFilterViewController.swift in Sources */,
				0788127E225EEC4E00DCA246 /* MessageTableViewCell.swift in Sources */,
				07B43E6622348C0900BB8548 /* EmailConfirmationViewController.swift in Sources */,
				07B43E7022348D0900BB8548 /* CardsViewController.swift in Sources */,
				B645153F22757FA500F58C96 /* UserProfileTableViewController.swift in Sources */,
				B6DFE9CA2257C92D0086BCE6 /* Settings.swift in Sources */,
				B6165F4A227042ED00DFF8D2 /* EditProfileTableViewController.swift in Sources */,
				955450802257FC94003C4448 /* MyKolodaViewController.swift in Sources */,
				07131722224554F3000CDD33 /* MatchMessageViewController.swift in Sources */,
				07B43E6C22348C9900BB8548 /* ProfileLocationViewController.swift in Sources */,
				07B43E6822348C4000BB8548 /* SocialMediaConnectViewController.swift in Sources */,
				95E4E7DD225D6EEB00A45EC4 /* CardView.swift in Sources */,
				07AB86A2224994BD001EE449 /* MessageInstanceViewController.swift in Sources */,
				B6165F46227042BC00DFF8D2 /* ProfileTableViewController.swift in Sources */,
			);
			runOnlyForDeploymentPostprocessing = 0;
		};
/* End PBXSourcesBuildPhase section */

/* Begin PBXVariantGroup section */
		B6F5005F22307A3600FD1433 /* LaunchScreen.storyboard */ = {
			isa = PBXVariantGroup;
			children = (
				B6F5006022307A3600FD1433 /* Base */,
			);
			name = LaunchScreen.storyboard;
			sourceTree = "<group>";
		};
/* End PBXVariantGroup section */

/* Begin XCBuildConfiguration section */
		B6F5006322307A3600FD1433 /* Debug */ = {
			isa = XCBuildConfiguration;
			buildSettings = {
				ALWAYS_SEARCH_USER_PATHS = NO;
				CLANG_ANALYZER_NONNULL = YES;
				CLANG_ANALYZER_NUMBER_OBJECT_CONVERSION = YES_AGGRESSIVE;
				CLANG_CXX_LANGUAGE_STANDARD = "gnu++14";
				CLANG_CXX_LIBRARY = "libc++";
				CLANG_ENABLE_MODULES = YES;
				CLANG_ENABLE_OBJC_ARC = YES;
				CLANG_ENABLE_OBJC_WEAK = YES;
				CLANG_WARN_BLOCK_CAPTURE_AUTORELEASING = YES;
				CLANG_WARN_BOOL_CONVERSION = YES;
				CLANG_WARN_COMMA = YES;
				CLANG_WARN_CONSTANT_CONVERSION = YES;
				CLANG_WARN_DEPRECATED_OBJC_IMPLEMENTATIONS = YES;
				CLANG_WARN_DIRECT_OBJC_ISA_USAGE = YES_ERROR;
				CLANG_WARN_DOCUMENTATION_COMMENTS = YES;
				CLANG_WARN_EMPTY_BODY = YES;
				CLANG_WARN_ENUM_CONVERSION = YES;
				CLANG_WARN_INFINITE_RECURSION = YES;
				CLANG_WARN_INT_CONVERSION = YES;
				CLANG_WARN_NON_LITERAL_NULL_CONVERSION = YES;
				CLANG_WARN_OBJC_IMPLICIT_RETAIN_SELF = YES;
				CLANG_WARN_OBJC_LITERAL_CONVERSION = YES;
				CLANG_WARN_OBJC_ROOT_CLASS = YES_ERROR;
				CLANG_WARN_RANGE_LOOP_ANALYSIS = YES;
				CLANG_WARN_STRICT_PROTOTYPES = YES;
				CLANG_WARN_SUSPICIOUS_MOVE = YES;
				CLANG_WARN_UNGUARDED_AVAILABILITY = YES_AGGRESSIVE;
				CLANG_WARN_UNREACHABLE_CODE = YES;
				CLANG_WARN__DUPLICATE_METHOD_MATCH = YES;
				CODE_SIGN_IDENTITY = "iPhone Developer";
				COPY_PHASE_STRIP = NO;
				DEBUG_INFORMATION_FORMAT = dwarf;
				ENABLE_STRICT_OBJC_MSGSEND = YES;
				ENABLE_TESTABILITY = YES;
				GCC_C_LANGUAGE_STANDARD = gnu11;
				GCC_DYNAMIC_NO_PIC = NO;
				GCC_NO_COMMON_BLOCKS = YES;
				GCC_OPTIMIZATION_LEVEL = 0;
				GCC_PREPROCESSOR_DEFINITIONS = (
					"DEBUG=1",
					"$(inherited)",
				);
				GCC_WARN_64_TO_32_BIT_CONVERSION = YES;
				GCC_WARN_ABOUT_RETURN_TYPE = YES_ERROR;
				GCC_WARN_UNDECLARED_SELECTOR = YES;
				GCC_WARN_UNINITIALIZED_AUTOS = YES_AGGRESSIVE;
				GCC_WARN_UNUSED_FUNCTION = YES;
				GCC_WARN_UNUSED_VARIABLE = YES;
				IPHONEOS_DEPLOYMENT_TARGET = 12.1;
				MTL_ENABLE_DEBUG_INFO = INCLUDE_SOURCE;
				MTL_FAST_MATH = YES;
				ONLY_ACTIVE_ARCH = YES;
				SDKROOT = iphoneos;
				SWIFT_ACTIVE_COMPILATION_CONDITIONS = DEBUG;
				SWIFT_OPTIMIZATION_LEVEL = "-Onone";
			};
			name = Debug;
		};
		B6F5006422307A3600FD1433 /* Release */ = {
			isa = XCBuildConfiguration;
			buildSettings = {
				ALWAYS_SEARCH_USER_PATHS = NO;
				CLANG_ANALYZER_NONNULL = YES;
				CLANG_ANALYZER_NUMBER_OBJECT_CONVERSION = YES_AGGRESSIVE;
				CLANG_CXX_LANGUAGE_STANDARD = "gnu++14";
				CLANG_CXX_LIBRARY = "libc++";
				CLANG_ENABLE_MODULES = YES;
				CLANG_ENABLE_OBJC_ARC = YES;
				CLANG_ENABLE_OBJC_WEAK = YES;
				CLANG_WARN_BLOCK_CAPTURE_AUTORELEASING = YES;
				CLANG_WARN_BOOL_CONVERSION = YES;
				CLANG_WARN_COMMA = YES;
				CLANG_WARN_CONSTANT_CONVERSION = YES;
				CLANG_WARN_DEPRECATED_OBJC_IMPLEMENTATIONS = YES;
				CLANG_WARN_DIRECT_OBJC_ISA_USAGE = YES_ERROR;
				CLANG_WARN_DOCUMENTATION_COMMENTS = YES;
				CLANG_WARN_EMPTY_BODY = YES;
				CLANG_WARN_ENUM_CONVERSION = YES;
				CLANG_WARN_INFINITE_RECURSION = YES;
				CLANG_WARN_INT_CONVERSION = YES;
				CLANG_WARN_NON_LITERAL_NULL_CONVERSION = YES;
				CLANG_WARN_OBJC_IMPLICIT_RETAIN_SELF = YES;
				CLANG_WARN_OBJC_LITERAL_CONVERSION = YES;
				CLANG_WARN_OBJC_ROOT_CLASS = YES_ERROR;
				CLANG_WARN_RANGE_LOOP_ANALYSIS = YES;
				CLANG_WARN_STRICT_PROTOTYPES = YES;
				CLANG_WARN_SUSPICIOUS_MOVE = YES;
				CLANG_WARN_UNGUARDED_AVAILABILITY = YES_AGGRESSIVE;
				CLANG_WARN_UNREACHABLE_CODE = YES;
				CLANG_WARN__DUPLICATE_METHOD_MATCH = YES;
				CODE_SIGN_IDENTITY = "iPhone Developer";
				COPY_PHASE_STRIP = NO;
				DEBUG_INFORMATION_FORMAT = "dwarf-with-dsym";
				ENABLE_NS_ASSERTIONS = NO;
				ENABLE_STRICT_OBJC_MSGSEND = YES;
				GCC_C_LANGUAGE_STANDARD = gnu11;
				GCC_NO_COMMON_BLOCKS = YES;
				GCC_WARN_64_TO_32_BIT_CONVERSION = YES;
				GCC_WARN_ABOUT_RETURN_TYPE = YES_ERROR;
				GCC_WARN_UNDECLARED_SELECTOR = YES;
				GCC_WARN_UNINITIALIZED_AUTOS = YES_AGGRESSIVE;
				GCC_WARN_UNUSED_FUNCTION = YES;
				GCC_WARN_UNUSED_VARIABLE = YES;
				IPHONEOS_DEPLOYMENT_TARGET = 12.1;
				MTL_ENABLE_DEBUG_INFO = NO;
				MTL_FAST_MATH = YES;
				SDKROOT = iphoneos;
				SWIFT_COMPILATION_MODE = wholemodule;
				SWIFT_OPTIMIZATION_LEVEL = "-O";
				VALIDATE_PRODUCT = YES;
			};
			name = Release;
		};
		B6F5006622307A3600FD1433 /* Debug */ = {
			isa = XCBuildConfiguration;
			baseConfigurationReference = CC28D6B2E29B51B15F48F78C /* Pods-Lamp.debug.xcconfig */;
			buildSettings = {
				ASSETCATALOG_COMPILER_APPICON_NAME = AppIcon;
				CODE_SIGN_ENTITLEMENTS = Lamp/Lamp.entitlements;
				CODE_SIGN_IDENTITY = "iPhone Developer";
				CODE_SIGN_STYLE = Automatic;
				DEVELOPMENT_TEAM = RHWN2H995S;
				INFOPLIST_FILE = Lamp/Info.plist;
				LD_RUNPATH_SEARCH_PATHS = (
					"$(inherited)",
					"@executable_path/Frameworks",
				);
				PRODUCT_BUNDLE_IDENTIFIER = com.Lamp;
				PRODUCT_NAME = "$(TARGET_NAME)";
				PROVISIONING_PROFILE_SPECIFIER = "";
				SWIFT_VERSION = 4.2;
				TARGETED_DEVICE_FAMILY = "1,2";
			};
			name = Debug;
		};
		B6F5006722307A3600FD1433 /* Release */ = {
			isa = XCBuildConfiguration;
			baseConfigurationReference = D6692CB92E970FF7A14AFFAD /* Pods-Lamp.release.xcconfig */;
			buildSettings = {
				ASSETCATALOG_COMPILER_APPICON_NAME = AppIcon;
				CODE_SIGN_ENTITLEMENTS = Lamp/Lamp.entitlements;
				CODE_SIGN_IDENTITY = "iPhone Developer";
				CODE_SIGN_STYLE = Automatic;
				DEVELOPMENT_TEAM = RHWN2H995S;
				INFOPLIST_FILE = Lamp/Info.plist;
				LD_RUNPATH_SEARCH_PATHS = (
					"$(inherited)",
					"@executable_path/Frameworks",
				);
				PRODUCT_BUNDLE_IDENTIFIER = com.Lamp;
				PRODUCT_NAME = "$(TARGET_NAME)";
				PROVISIONING_PROFILE_SPECIFIER = "";
				SWIFT_VERSION = 4.2;
				TARGETED_DEVICE_FAMILY = "1,2";
			};
			name = Release;
		};
/* End XCBuildConfiguration section */

/* Begin XCConfigurationList section */
		B6F5004E22307A3500FD1433 /* Build configuration list for PBXProject "Lamp" */ = {
			isa = XCConfigurationList;
			buildConfigurations = (
				B6F5006322307A3600FD1433 /* Debug */,
				B6F5006422307A3600FD1433 /* Release */,
			);
			defaultConfigurationIsVisible = 0;
			defaultConfigurationName = Release;
		};
		B6F5006522307A3600FD1433 /* Build configuration list for PBXNativeTarget "Lamp" */ = {
			isa = XCConfigurationList;
			buildConfigurations = (
				B6F5006622307A3600FD1433 /* Debug */,
				B6F5006722307A3600FD1433 /* Release */,
			);
			defaultConfigurationIsVisible = 0;
			defaultConfigurationName = Release;
		};
/* End XCConfigurationList section */
	};
	rootObject = B6F5004B22307A3500FD1433 /* Project object */;
}
